
Microsoft Visual Studio Solution File, Format Version 12.00
# Visual Studio Version 17
VisualStudioVersion = 17.3.32811.315
MinimumVisualStudioVersion = 10.0.40219.1
Project("{9A19103F-16F7-4668-BE54-9A1E7A4F7556}") = "Mailjet.Client", "Mailjet.Client\Mailjet.Client.csproj", "{543B8D4C-B166-4292-98CA-1D0383D6DE37}"
EndProject
Project("{9A19103F-16F7-4668-BE54-9A1E7A4F7556}") = "Mailjet.ConsoleApplication", "Mailjet.ConsoleApplication\Mailjet.ConsoleApplication.csproj", "{E5EEBFF8-C402-4535-8DB5-A809D30D017B}"
EndProject
Project("{9A19103F-16F7-4668-BE54-9A1E7A4F7556}") = "Mailjet.Tests", "Mailjet.Tests\Mailjet.Tests.csproj", "{3787F07F-F441-4C0D-BA7B-E5662F4201BF}"
EndProject
Project("{9A19103F-16F7-4668-BE54-9A1E7A4F7556}") = "Mailjet.Repositories", "Mailjet.Repositories\Mailjet.Repositories.csproj", "{09A72F60-4589-426D-8632-C8C0BCA18BFC}"
EndProject
Project("{9A19103F-16F7-4668-BE54-9A1E7A4F7556}") = "MailJet.CoreDemoWebApp", "..\..\Dev\CR_Initiatives\MailJetTemplatePOC\MailJet.CoreDemoWebApp\MailJet.CoreDemoWebApp.csproj", "{DBC86CFD-C723-43AD-A320-9AA233FD4035}"
EndProject
Global
	GlobalSection(SolutionConfigurationPlatforms) = preSolution
		Debug|Any CPU = Debug|Any CPU
		Release|Any CPU = Release|Any CPU
	EndGlobalSection
	GlobalSection(ProjectConfigurationPlatforms) = postSolution
		{543B8D4C-B166-4292-98CA-1D0383D6DE37}.Debug|Any CPU.ActiveCfg = Debug|Any CPU
		{543B8D4C-B166-4292-98CA-1D0383D6DE37}.Debug|Any CPU.Build.0 = Debug|Any CPU
		{543B8D4C-B166-4292-98CA-1D0383D6DE37}.Release|Any CPU.ActiveCfg = Release|Any CPU
		{543B8D4C-B166-4292-98CA-1D0383D6DE37}.Release|Any CPU.Build.0 = Release|Any CPU
		{E5EEBFF8-C402-4535-8DB5-A809D30D017B}.Debug|Any CPU.ActiveCfg = Debug|Any CPU
		{E5EEBFF8-C402-4535-8DB5-A809D30D017B}.Debug|Any CPU.Build.0 = Debug|Any CPU
		{E5EEBFF8-C402-4535-8DB5-A809D30D017B}.Release|Any CPU.ActiveCfg = Release|Any CPU
		{E5EEBFF8-C402-4535-8DB5-A809D30D017B}.Release|Any CPU.Build.0 = Release|Any CPU
		{3787F07F-F441-4C0D-BA7B-E5662F4201BF}.Debug|Any CPU.ActiveCfg = Debug|Any CPU
		{3787F07F-F441-4C0D-BA7B-E5662F4201BF}.Debug|Any CPU.Build.0 = Debug|Any CPU
		{3787F07F-F441-4C0D-BA7B-E5662F4201BF}.Release|Any CPU.ActiveCfg = Release|Any CPU
		{3787F07F-F441-4C0D-BA7B-E5662F4201BF}.Release|Any CPU.Build.0 = Release|Any CPU
		{09A72F60-4589-426D-8632-C8C0BCA18BFC}.Debug|Any CPU.ActiveCfg = Debug|Any CPU
		{09A72F60-4589-426D-8632-C8C0BCA18BFC}.Debug|Any CPU.Build.0 = Debug|Any CPU
		{09A72F60-4589-426D-8632-C8C0BCA18BFC}.Release|Any CPU.ActiveCfg = Release|Any CPU
		{09A72F60-4589-426D-8632-C8C0BCA18BFC}.Release|Any CPU.Build.0 = Release|Any CPU
		{DBC86CFD-C723-43AD-A320-9AA233FD4035}.Debug|Any CPU.ActiveCfg = Debug|Any CPU
		{DBC86CFD-C723-43AD-A320-9AA233FD4035}.Debug|Any CPU.Build.0 = Debug|Any CPU
		{DBC86CFD-C723-43AD-A320-9AA233FD4035}.Release|Any CPU.ActiveCfg = Release|Any CPU
		{DBC86CFD-C723-43AD-A320-9AA233FD4035}.Release|Any CPU.Build.0 = Release|Any CPU
	EndGlobalSection
	GlobalSection(SolutionProperties) = preSolution
		HideSolutionNode = FALSE
	EndGlobalSection
	GlobalSection(ExtensibilityGlobals) = postSolution
		SolutionGuid = {6848D001-680E-409A-8600-9EF49D2743F1}
	EndGlobalSection
EndGlobal
